// !$*UTF8*$!
{
	archiveVersion = 1;
	classes = {
	};
	objectVersion = 56;
	objects = {

/* Begin PBXBuildFile section */
		A00100000000000000000001 /* App/UDCApp.swift in Sources */ = {isa = PBXBuildFile; fileRef = B00100000000000000000001 /* App/UDCApp.swift */; };
		A00100000000000000000002 /* App/RootTabView.swift in Sources */ = {isa = PBXBuildFile; fileRef = B00100000000000000000002 /* App/RootTabView.swift */; };
		A00100000000000000000003 /* App/OnboardingView.swift in Sources */ = {isa = PBXBuildFile; fileRef = B00100000000000000000003 /* App/OnboardingView.swift */; };
		A00100000000000000000004 /* Models/VehicleProfile.swift in Sources */ = {isa = PBXBuildFile; fileRef = B00100000000000000000004 /* Models/VehicleProfile.swift */; };
		A00100000000000000000005 /* Models/ManualDrivelineConfiguration.swift in Sources */ = {isa = PBXBuildFile; fileRef = B00100000000000000000005 /* Models/ManualDrivelineConfiguration.swift */; };
		A00100000000000000000006 /* Core/Location/LocationProviding.swift in Sources */ = {isa = PBXBuildFile; fileRef = B00100000000000000000006 /* Core/Location/LocationProviding.swift */; };
		A00100000000000000000007 /* Core/Driving/DrivingSessionManaging.swift in Sources */ = {isa = PBXBuildFile; fileRef = B00100000000000000000007 /* Core/Driving/DrivingSessionManaging.swift */; };
		A00100000000000000000008 /* Core/OBD/OBDProviding.swift in Sources */ = {isa = PBXBuildFile; fileRef = B00100000000000000000008 /* Core/OBD/OBDProviding.swift */; };
		A00100000000000000000009 /* Core/Persistence/PersistencePurpose.swift in Sources */ = {isa = PBXBuildFile; fileRef = B00100000000000000000009 /* Core/Persistence/PersistencePurpose.swift */; };
		A0010000000000000000000A /* Core/Utilities/UsagePolicy.swift in Sources */ = {isa = PBXBuildFile; fileRef = B0010000000000000000000A /* Core/Utilities/UsagePolicy.swift */; };
		A0010000000000000000000B /* DesignSystem/AppDesignSystem.swift in Sources */ = {isa = PBXBuildFile; fileRef = B0010000000000000000000B /* DesignSystem/AppDesignSystem.swift */; };
		A0010000000000000000000C /* Features/Dashboard/DashboardView.swift in Sources */ = {isa = PBXBuildFile; fileRef = B0010000000000000000000C /* Features/Dashboard/DashboardView.swift */; };
		A0010000000000000000000D /* Features/Drives/DrivesView.swift in Sources */ = {isa = PBXBuildFile; fileRef = B0010000000000000000000D /* Features/Drives/DrivesView.swift */; };
		A0010000000000000000000E /* Features/Performance/PerformanceView.swift in Sources */ = {isa = PBXBuildFile; fileRef = B0010000000000000000000E /* Features/Performance/PerformanceView.swift */; };
		A0010000000000000000000F /* Features/Fuel/FuelView.swift in Sources */ = {isa = PBXBuildFile; fileRef = B0010000000000000000000F /* Features/Fuel/FuelView.swift */; };
		A00100000000000000000010 /* Features/Garage/GarageView.swift in Sources */ = {isa = PBXBuildFile; fileRef = B00100000000000000000010 /* Features/Garage/GarageView.swift */; };
		A00100000000000000000011 /* Features/Garage/AddVehicleView.swift in Sources */ = {isa = PBXBuildFile; fileRef = B00100000000000000000011 /* Features/Garage/AddVehicleView.swift */; };
		A00100000000000000000012 /* Features/Settings/SettingsView.swift in Sources */ = {isa = PBXBuildFile; fileRef = B00100000000000000000012 /* Features/Settings/SettingsView.swift */; };
		A00100000000000000000013 /* Resources/Assets.xcassets in Resources */ = {isa = PBXBuildFile; fileRef = B00100000000000000000013 /* Resources/Assets.xcassets */; };
		A00100000000000000000014 /* PreviewContent/PreviewAssets.xcassets in Resources */ = {isa = PBXBuildFile; fileRef = B00100000000000000000014 /* PreviewContent/PreviewAssets.xcassets */; };
		A00100000000000000000015 /* Models/VehicleProfileTests.swift in Sources */ = {isa = PBXBuildFile; fileRef = B00100000000000000000015 /* Models/VehicleProfileTests.swift */; };
		A00100000000000000000016 /* Core/UsagePolicyTests.swift in Sources */ = {isa = PBXBuildFile; fileRef = B00100000000000000000016 /* Core/UsagePolicyTests.swift */; };
		A00100000000000000000017 /* XCTest.framework in Frameworks */ = {isa = PBXBuildFile; fileRef = B00100000000000000000017 /* XCTest.framework */; };
		A00100000000000000000018 /* Core/Driving/DrivingState.swift in Sources */ = {isa = PBXBuildFile; fileRef = B0010000000000000000001A /* Core/Driving/DrivingState.swift */; };
		A00100000000000000000019 /* Core/Driving/GPSSpeedProcessing.swift in Sources */ = {isa = PBXBuildFile; fileRef = B0010000000000000000001B /* Core/Driving/GPSSpeedProcessing.swift */; };
		A0010000000000000000001A /* Core/Driving/DrivingTelemetryService.swift in Sources */ = {isa = PBXBuildFile; fileRef = B0010000000000000000001C /* Core/Driving/DrivingTelemetryService.swift */; };
		A0010000000000000000001B /* Features/Diagnostics/DiagnosticsView.swift in Sources */ = {isa = PBXBuildFile; fileRef = B0010000000000000000001D /* Features/Diagnostics/DiagnosticsView.swift */; };
		A0010000000000000000001C /* Core/GPSSpeedProcessingTests.swift in Sources */ = {isa = PBXBuildFile; fileRef = B0010000000000000000001E /* Core/GPSSpeedProcessingTests.swift */; };
		A0010000000000000000001D /* Models/DriveRecord.swift in Sources */ = {isa = PBXBuildFile; fileRef = B0010000000000000000001F /* Models/DriveRecord.swift */; };
		A0010000000000000000001E /* Core/Driving/DrivingEngine.swift in Sources */ = {isa = PBXBuildFile; fileRef = B00100000000000000000020 /* Core/Driving/DrivingEngine.swift */; };
		A0010000000000000000001F /* Core/DrivingEngineTests.swift in Sources */ = {isa = PBXBuildFile; fileRef = B00100000000000000000021 /* Core/DrivingEngineTests.swift */; };
		A00100000000000000000020 /* Models/PerformanceModels.swift in Sources */ = {isa = PBXBuildFile; fileRef = B00100000000000000000022 /* Models/PerformanceModels.swift */; };
		A00100000000000000000021 /* Core/Performance/PerformanceEngine.swift in Sources */ = {isa = PBXBuildFile; fileRef = B00100000000000000000023 /* Core/Performance/PerformanceEngine.swift */; };
		A00100000000000000000022 /* Core/PerformanceEngineTests.swift in Sources */ = {isa = PBXBuildFile; fileRef = B00100000000000000000024 /* Core/PerformanceEngineTests.swift */; };
		A00100000000000000000023 /* Core/Driving/DriveLifecyclePolicy.swift in Sources */ = {isa = PBXBuildFile; fileRef = B00100000000000000000025 /* Core/Driving/DriveLifecyclePolicy.swift */; };
		A00100000000000000000024 /* Core/DriveDurabilityTests.swift in Sources */ = {isa = PBXBuildFile; fileRef = B00100000000000000000026 /* Core/DriveDurabilityTests.swift */; };
		A00100000000000000000025 /* Features/DashboardSessionBadgeTests.swift in Sources */ = {isa = PBXBuildFile; fileRef = B00100000000000000000027 /* Features/DashboardSessionBadgeTests.swift */; };
/* End PBXBuildFile section */

/* Begin PBXContainerItemProxy section */
		C00100000000000000000001 /* PBXContainerItemProxy */ = {
			isa = PBXContainerItemProxy;
			containerPortal = D00100000000000000000001 /* Project object */;
			proxyType = 1;
			remoteGlobalIDString = D00100000000000000000002;
			remoteInfo = UDC;
		};
/* End PBXContainerItemProxy section */

/* Begin PBXFileReference section */
		B00100000000000000000001 /* App/UDCApp.swift */ = {isa = PBXFileReference; lastKnownFileType = sourcecode.swift; path = App/UDCApp.swift; sourceTree = "<group>"; };
		B00100000000000000000002 /* App/RootTabView.swift */ = {isa = PBXFileReference; lastKnownFileType = sourcecode.swift; path = App/RootTabView.swift; sourceTree = "<group>"; };
		B00100000000000000000003 /* App/OnboardingView.swift */ = {isa = PBXFileReference; lastKnownFileType = sourcecode.swift; path = App/OnboardingView.swift; sourceTree = "<group>"; };
		B00100000000000000000004 /* Models/VehicleProfile.swift */ = {isa = PBXFileReference; lastKnownFileType = sourcecode.swift; path = Models/VehicleProfile.swift; sourceTree = "<group>"; };
		B00100000000000000000005 /* Models/ManualDrivelineConfiguration.swift */ = {isa = PBXFileReference; lastKnownFileType = sourcecode.swift; path = Models/ManualDrivelineConfiguration.swift; sourceTree = "<group>"; };
		B00100000000000000000006 /* Core/Location/LocationProviding.swift */ = {isa = PBXFileReference; lastKnownFileType = sourcecode.swift; path = Core/Location/LocationProviding.swift; sourceTree = "<group>"; };
		B00100000000000000000007 /* Core/Driving/DrivingSessionManaging.swift */ = {isa = PBXFileReference; lastKnownFileType = sourcecode.swift; path = Core/Driving/DrivingSessionManaging.swift; sourceTree = "<group>"; };
		B00100000000000000000008 /* Core/OBD/OBDProviding.swift */ = {isa = PBXFileReference; lastKnownFileType = sourcecode.swift; path = Core/OBD/OBDProviding.swift; sourceTree = "<group>"; };
		B00100000000000000000009 /* Core/Persistence/PersistencePurpose.swift */ = {isa = PBXFileReference; lastKnownFileType = sourcecode.swift; path = Core/Persistence/PersistencePurpose.swift; sourceTree = "<group>"; };
		B0010000000000000000000A /* Core/Utilities/UsagePolicy.swift */ = {isa = PBXFileReference; lastKnownFileType = sourcecode.swift; path = Core/Utilities/UsagePolicy.swift; sourceTree = "<group>"; };
		B0010000000000000000000B /* DesignSystem/AppDesignSystem.swift */ = {isa = PBXFileReference; lastKnownFileType = sourcecode.swift; path = DesignSystem/AppDesignSystem.swift; sourceTree = "<group>"; };
		B0010000000000000000000C /* Features/Dashboard/DashboardView.swift */ = {isa = PBXFileReference; lastKnownFileType = sourcecode.swift; path = Features/Dashboard/DashboardView.swift; sourceTree = "<group>"; };
		B0010000000000000000000D /* Features/Drives/DrivesView.swift */ = {isa = PBXFileReference; lastKnownFileType = sourcecode.swift; path = Features/Drives/DrivesView.swift; sourceTree = "<group>"; };
		B0010000000000000000000E /* Features/Performance/PerformanceView.swift */ = {isa = PBXFileReference; lastKnownFileType = sourcecode.swift; path = Features/Performance/PerformanceView.swift; sourceTree = "<group>"; };
		B0010000000000000000000F /* Features/Fuel/FuelView.swift */ = {isa = PBXFileReference; lastKnownFileType = sourcecode.swift; path = Features/Fuel/FuelView.swift; sourceTree = "<group>"; };
		B00100000000000000000010 /* Features/Garage/GarageView.swift */ = {isa = PBXFileReference; lastKnownFileType = sourcecode.swift; path = Features/Garage/GarageView.swift; sourceTree = "<group>"; };
		B00100000000000000000011 /* Features/Garage/AddVehicleView.swift */ = {isa = PBXFileReference; lastKnownFileType = sourcecode.swift; path = Features/Garage/AddVehicleView.swift; sourceTree = "<group>"; };
		B00100000000000000000012 /* Features/Settings/SettingsView.swift */ = {isa = PBXFileReference; lastKnownFileType = sourcecode.swift; path = Features/Settings/SettingsView.swift; sourceTree = "<group>"; };
		B00100000000000000000013 /* Resources/Assets.xcassets */ = {isa = PBXFileReference; lastKnownFileType = folder.assetcatalog; path = Resources/Assets.xcassets; sourceTree = "<group>"; };
		B00100000000000000000014 /* PreviewContent/PreviewAssets.xcassets */ = {isa = PBXFileReference; lastKnownFileType = folder.assetcatalog; path = PreviewContent/PreviewAssets.xcassets; sourceTree = "<group>"; };
		B00100000000000000000015 /* Models/VehicleProfileTests.swift */ = {isa = PBXFileReference; lastKnownFileType = sourcecode.swift; path = Models/VehicleProfileTests.swift; sourceTree = "<group>"; };
		B00100000000000000000016 /* Core/UsagePolicyTests.swift */ = {isa = PBXFileReference; lastKnownFileType = sourcecode.swift; path = Core/UsagePolicyTests.swift; sourceTree = "<group>"; };
		B00100000000000000000017 /* XCTest.framework */ = {isa = PBXFileReference; lastKnownFileType = wrapper.framework; name = XCTest.framework; path = System/Library/Frameworks/XCTest.framework; sourceTree = SDKROOT; };
		B00100000000000000000018 /* UDC.app */ = {isa = PBXFileReference; explicitFileType = wrapper.application; includeInIndex = 0; path = UDC.app; sourceTree = BUILT_PRODUCTS_DIR; };
		B00100000000000000000019 /* UDCTests.xctest */ = {isa = PBXFileReference; explicitFileType = wrapper.cfbundle; includeInIndex = 0; path = UDCTests.xctest; sourceTree = BUILT_PRODUCTS_DIR; };
		B0010000000000000000001A /* Core/Driving/DrivingState.swift */ = {isa = PBXFileReference; lastKnownFileType = sourcecode.swift; path = Core/Driving/DrivingState.swift; sourceTree = "<group>"; };
		B0010000000000000000001B /* Core/Driving/GPSSpeedProcessing.swift */ = {isa = PBXFileReference; lastKnownFileType = sourcecode.swift; path = Core/Driving/GPSSpeedProcessing.swift; sourceTree = "<group>"; };
		B0010000000000000000001C /* Core/Driving/DrivingTelemetryService.swift */ = {isa = PBXFileReference; lastKnownFileType = sourcecode.swift; path = Core/Driving/DrivingTelemetryService.swift; sourceTree = "<group>"; };
		B0010000000000000000001D /* Features/Diagnostics/DiagnosticsView.swift */ = {isa = PBXFileReference; lastKnownFileType = sourcecode.swift; path = Features/Diagnostics/DiagnosticsView.swift; sourceTree = "<group>"; };
		B0010000000000000000001E /* Core/GPSSpeedProcessingTests.swift */ = {isa = PBXFileReference; lastKnownFileType = sourcecode.swift; path = Core/GPSSpeedProcessingTests.swift; sourceTree = "<group>"; };
		B0010000000000000000001F /* Models/DriveRecord.swift */ = {isa = PBXFileReference; lastKnownFileType = sourcecode.swift; path = Models/DriveRecord.swift; sourceTree = "<group>"; };
		B00100000000000000000020 /* Core/Driving/DrivingEngine.swift */ = {isa = PBXFileReference; lastKnownFileType = sourcecode.swift; path = Core/Driving/DrivingEngine.swift; sourceTree = "<group>"; };
		B00100000000000000000021 /* Core/DrivingEngineTests.swift */ = {isa = PBXFileReference; lastKnownFileType = sourcecode.swift; path = Core/DrivingEngineTests.swift; sourceTree = "<group>"; };
		B00100000000000000000022 /* Models/PerformanceModels.swift */ = {isa = PBXFileReference; lastKnownFileType = sourcecode.swift; path = Models/PerformanceModels.swift; sourceTree = "<group>"; };
		B00100000000000000000023 /* Core/Performance/PerformanceEngine.swift */ = {isa = PBXFileReference; lastKnownFileType = sourcecode.swift; path = Core/Performance/PerformanceEngine.swift; sourceTree = "<group>"; };
		B00100000000000000000024 /* Core/PerformanceEngineTests.swift */ = {isa = PBXFileReference; lastKnownFileType = sourcecode.swift; path = Core/PerformanceEngineTests.swift; sourceTree = "<group>"; };
		B00100000000000000000025 /* Core/Driving/DriveLifecyclePolicy.swift */ = {isa = PBXFileReference; lastKnownFileType = sourcecode.swift; path = Core/Driving/DriveLifecyclePolicy.swift; sourceTree = "<group>"; };
		B00100000000000000000026 /* Core/DriveDurabilityTests.swift */ = {isa = PBXFileReference; lastKnownFileType = sourcecode.swift; path = Core/DriveDurabilityTests.swift; sourceTree = "<group>"; };
		B00100000000000000000027 /* Features/DashboardSessionBadgeTests.swift */ = {isa = PBXFileReference; lastKnownFileType = sourcecode.swift; path = Features/DashboardSessionBadgeTests.swift; sourceTree = "<group>"; };
/* End PBXFileReference section */

/* Begin PBXFrameworksBuildPhase section */
		E00100000000000000000001 /* Frameworks */ = {
			isa = PBXFrameworksBuildPhase;
			buildActionMask = 2147483647;
			files = (
			);
			runOnlyForDeploymentPostprocessing = 0;
		};
		E00100000000000000000002 /* Frameworks */ = {
			isa = PBXFrameworksBuildPhase;
			buildActionMask = 2147483647;
			files = (
				A00100000000000000000017 /* XCTest.framework in Frameworks */,
			);
			runOnlyForDeploymentPostprocessing = 0;
		};
/* End PBXFrameworksBuildPhase section */

/* Begin PBXGroup section */
		5D4FA56C302BEE4600BD2E8A /* Recovered References */ = {
			isa = PBXGroup;
			children = (
				B00100000000000000000017 /* XCTest.framework */,
			);
			name = "Recovered References";
			sourceTree = "<group>";
		};
		F00100000000000000000001 = {
			isa = PBXGroup;
			children = (
				F00100000000000000000002 /* UDC */,
				F00100000000000000000003 /* UDCTests */,
				F00100000000000000000004 /* Products */,
				5D4FA56C302BEE4600BD2E8A /* Recovered References */,
			);
			sourceTree = "<group>";
		};
		F00100000000000000000002 /* UDC */ = {
			isa = PBXGroup;
			children = (
				B00100000000000000000001 /* App/UDCApp.swift */,
				B00100000000000000000002 /* App/RootTabView.swift */,
				B00100000000000000000003 /* App/OnboardingView.swift */,
				B00100000000000000000004 /* Models/VehicleProfile.swift */,
				B00100000000000000000005 /* Models/ManualDrivelineConfiguration.swift */,
				B0010000000000000000001F /* Models/DriveRecord.swift */,
				B00100000000000000000022 /* Models/PerformanceModels.swift */,
				B00100000000000000000006 /* Core/Location/LocationProviding.swift */,
				B00100000000000000000007 /* Core/Driving/DrivingSessionManaging.swift */,
				B00100000000000000000020 /* Core/Driving/DrivingEngine.swift */,
				B00100000000000000000025 /* Core/Driving/DriveLifecyclePolicy.swift */,
				B00100000000000000000023 /* Core/Performance/PerformanceEngine.swift */,
				B00100000000000000000008 /* Core/OBD/OBDProviding.swift */,
				B00100000000000000000009 /* Core/Persistence/PersistencePurpose.swift */,
				B0010000000000000000000A /* Core/Utilities/UsagePolicy.swift */,
				B0010000000000000000000B /* DesignSystem/AppDesignSystem.swift */,
				B0010000000000000000000C /* Features/Dashboard/DashboardView.swift */,
				B0010000000000000000000D /* Features/Drives/DrivesView.swift */,
				B0010000000000000000000E /* Features/Performance/PerformanceView.swift */,
				B0010000000000000000000F /* Features/Fuel/FuelView.swift */,
				B00100000000000000000010 /* Features/Garage/GarageView.swift */,
				B00100000000000000000011 /* Features/Garage/AddVehicleView.swift */,
				B00100000000000000000012 /* Features/Settings/SettingsView.swift */,
				B0010000000000000000001A /* Core/Driving/DrivingState.swift */,
				B0010000000000000000001B /* Core/Driving/GPSSpeedProcessing.swift */,
				B0010000000000000000001C /* Core/Driving/DrivingTelemetryService.swift */,
				B0010000000000000000001D /* Features/Diagnostics/DiagnosticsView.swift */,
				B00100000000000000000013 /* Resources/Assets.xcassets */,
				B00100000000000000000014 /* PreviewContent/PreviewAssets.xcassets */,
			);
			path = UDC;
			sourceTree = "<group>";
		};
		F00100000000000000000003 /* UDCTests */ = {
			isa = PBXGroup;
			children = (
				B00100000000000000000015 /* Models/VehicleProfileTests.swift */,
				B00100000000000000000016 /* Core/UsagePolicyTests.swift */,
				B0010000000000000000001E /* Core/GPSSpeedProcessingTests.swift */,
				B00100000000000000000021 /* Core/DrivingEngineTests.swift */,
				B00100000000000000000024 /* Core/PerformanceEngineTests.swift */,
				B00100000000000000000026 /* Core/DriveDurabilityTests.swift */,
				B00100000000000000000027 /* Features/DashboardSessionBadgeTests.swift */,
			);
			path = UDCTests;
			sourceTree = "<group>";
		};
		F00100000000000000000004 /* Products */ = {
			isa = PBXGroup;
			children = (
				B00100000000000000000018 /* UDC.app */,
				B00100000000000000000019 /* UDCTests.xctest */,
			);
			name = Products;
			sourceTree = "<group>";
		};
/* End PBXGroup section */

/* Begin PBXNativeTarget section */
		D00100000000000000000002 /* UDC */ = {
			isa = PBXNativeTarget;
			buildConfigurationList = G00100000000000000000002 /* Build configuration list for PBXNativeTarget "UDC" */;
			buildPhases = (
				H00100000000000000000001 /* Sources */,
				E00100000000000000000001 /* Frameworks */,
				I00100000000000000000001 /* Resources */,
			);
			buildRules = (
			);
			dependencies = (
			);
			name = UDC;
			productName = UDC;
			productReference = B00100000000000000000018 /* UDC.app */;
			productType = "com.apple.product-type.application";
		};
		D00100000000000000000003 /* UDCTests */ = {
			isa = PBXNativeTarget;
			buildConfigurationList = G00100000000000000000003 /* Build configuration list for PBXNativeTarget "UDCTests" */;
			buildPhases = (
				H00100000000000000000002 /* Sources */,
				E00100000000000000000002 /* Frameworks */,
				I00100000000000000000002 /* Resources */,
			);
			buildRules = (
			);
			dependencies = (
				J00100000000000000000001 /* PBXTargetDependency */,
			);
			name = UDCTests;
			productName = UDCTests;
			productReference = B00100000000000000000019 /* UDCTests.xctest */;
			productType = "com.apple.product-type.bundle.unit-test";
		};
/* End PBXNativeTarget section */

/* Begin PBXProject section */
		D00100000000000000000001 /* Project object */ = {
			isa = PBXProject;
			attributes = {
				BuildIndependentTargetsInParallel = 1;
				LastSwiftUpdateCheck = 2660;
				LastUpgradeCheck = 2660;
				TargetAttributes = {
					D00100000000000000000002 = {
						CreatedOnToolsVersion = 26.6;
					};
					D00100000000000000000003 = {
						CreatedOnToolsVersion = 26.6;
						TestTargetID = D00100000000000000000002;
					};
				};
			};
			buildConfigurationList = G00100000000000000000001 /* Build configuration list for PBXProject "UDC" */;
			compatibilityVersion = "Xcode 14.0";
			developmentRegion = en;
			hasScannedForEncodings = 0;
			knownRegions = (
				en,
				Base,
			);
			mainGroup = F00100000000000000000001;
			productRefGroup = F00100000000000000000004 /* Products */;
			projectDirPath = "";
			projectRoot = "";
			targets = (
				D00100000000000000000002 /* UDC */,
				D00100000000000000000003 /* UDCTests */,
			);
		};
/* End PBXProject section */

/* Begin PBXResourcesBuildPhase section */
		I00100000000000000000001 /* Resources */ = {
			isa = PBXResourcesBuildPhase;
			buildActionMask = 2147483647;
			files = (
				A00100000000000000000013 /* Resources/Assets.xcassets in Resources */,
				A00100000000000000000014 /* PreviewContent/PreviewAssets.xcassets in Resources */,
			);
			runOnlyForDeploymentPostprocessing = 0;
		};
		I00100000000000000000002 /* Resources */ = {
			isa = PBXResourcesBuildPhase;
			buildActionMask = 2147483647;
			files = (
			);
			runOnlyForDeploymentPostprocessing = 0;
		};
/* End PBXResourcesBuildPhase section */

/* Begin PBXSourcesBuildPhase section */
		H00100000000000000000001 /* Sources */ = {
			isa = PBXSourcesBuildPhase;
			buildActionMask = 2147483647;
			files = (
				A00100000000000000000001 /* App/UDCApp.swift in Sources */,
				A00100000000000000000002 /* App/RootTabView.swift in Sources */,
				A00100000000000000000003 /* App/OnboardingView.swift in Sources */,
				A00100000000000000000004 /* Models/VehicleProfile.swift in Sources */,
				A00100000000000000000005 /* Models/ManualDrivelineConfiguration.swift in Sources */,
				A0010000000000000000001D /* Models/DriveRecord.swift in Sources */,
				A00100000000000000000020 /* Models/PerformanceModels.swift in Sources */,
				A00100000000000000000006 /* Core/Location/LocationProviding.swift in Sources */,
				A00100000000000000000007 /* Core/Driving/DrivingSessionManaging.swift in Sources */,
				A0010000000000000000001E /* Core/Driving/DrivingEngine.swift in Sources */,
				A00100000000000000000023 /* Core/Driving/DriveLifecyclePolicy.swift in Sources */,
				A00100000000000000000021 /* Core/Performance/PerformanceEngine.swift in Sources */,
				A00100000000000000000008 /* Core/OBD/OBDProviding.swift in Sources */,
				A00100000000000000000009 /* Core/Persistence/PersistencePurpose.swift in Sources */,
				A0010000000000000000000A /* Core/Utilities/UsagePolicy.swift in Sources */,
				A0010000000000000000000B /* DesignSystem/AppDesignSystem.swift in Sources */,
				A0010000000000000000000C /* Features/Dashboard/DashboardView.swift in Sources */,
				A0010000000000000000000D /* Features/Drives/DrivesView.swift in Sources */,
				A0010000000000000000000E /* Features/Performance/PerformanceView.swift in Sources */,
				A0010000000000000000000F /* Features/Fuel/FuelView.swift in Sources */,
				A00100000000000000000010 /* Features/Garage/GarageView.swift in Sources */,
				A00100000000000000000011 /* Features/Garage/AddVehicleView.swift in Sources */,
				A00100000000000000000012 /* Features/Settings/SettingsView.swift in Sources */,
				A00100000000000000000018 /* Core/Driving/DrivingState.swift in Sources */,
				A00100000000000000000019 /* Core/Driving/GPSSpeedProcessing.swift in Sources */,
				A0010000000000000000001A /* Core/Driving/DrivingTelemetryService.swift in Sources */,
				A0010000000000000000001B /* Features/Diagnostics/DiagnosticsView.swift in Sources */,
			);
			runOnlyForDeploymentPostprocessing = 0;
		};
		H00100000000000000000002 /* Sources */ = {
			isa = PBXSourcesBuildPhase;
			buildActionMask = 2147483647;
			files = (
				A00100000000000000000015 /* Models/VehicleProfileTests.swift in Sources */,
				A00100000000000000000016 /* Core/UsagePolicyTests.swift in Sources */,
				A0010000000000000000001C /* Core/GPSSpeedProcessingTests.swift in Sources */,
				A0010000000000000000001F /* Core/DrivingEngineTests.swift in Sources */,
				A00100000000000000000022 /* Core/PerformanceEngineTests.swift in Sources */,
				A00100000000000000000024 /* Core/DriveDurabilityTests.swift in Sources */,
				A00100000000000000000025 /* Features/DashboardSessionBadgeTests.swift in Sources */,
			);
			runOnlyForDeploymentPostprocessing = 0;
		};
/* End PBXSourcesBuildPhase section */

/* Begin PBXTargetDependency section */
		J00100000000000000000001 /* PBXTargetDependency */ = {
			isa = PBXTargetDependency;
			target = D00100000000000000000002 /* UDC */;
			targetProxy = C00100000000000000000001 /* PBXContainerItemProxy */;
		};
/* End PBXTargetDependency section */

/* Begin XCBuildConfiguration section */
		K00100000000000000000001 /* Debug */ = {
			isa = XCBuildConfiguration;
			buildSettings = {
				CLANG_ENABLE_MODULES = YES;
				SWIFT_VERSION = 5.0;
			};
			name = Debug;
		};
		K00100000000000000000002 /* Release */ = {
			isa = XCBuildConfiguration;
			buildSettings = {
				CLANG_ENABLE_MODULES = YES;
				SWIFT_COMPILATION_MODE = wholemodule;
				SWIFT_OPTIMIZATION_LEVEL = "-O";
				SWIFT_VERSION = 5.0;
			};
			name = Release;
		};
		K00100000000000000000003 /* Debug */ = {
			isa = XCBuildConfiguration;
			buildSettings = {
				ASSETCATALOG_COMPILER_APPICON_NAME = AppIcon;
				ASSETCATALOG_COMPILER_GLOBAL_ACCENT_COLOR_NAME = AccentColor;
				CODE_SIGN_STYLE = Automatic;
				CURRENT_PROJECT_VERSION = 2;
				DEVELOPMENT_TEAM = N9R86VHFFN;
				ENABLE_TESTABILITY = YES;
				GENERATE_INFOPLIST_FILE = YES;
				INFOPLIST_FILE = UDC/Info.plist;
				INFOPLIST_KEY_CFBundleDisplayName = UDC;
				INFOPLIST_KEY_LSApplicationCategoryType = "public.app-category.navigation";
				INFOPLIST_KEY_NSLocationWhenInUseUsageDescription = "UDC uses your location while you use the app to show live driving speed and record drives. Location continues briefly in the background during an active drive.";
				INFOPLIST_KEY_UIApplicationSceneManifest_Generation = YES;
				INFOPLIST_KEY_UIApplicationSupportsIndirectInputEvents = YES;
				INFOPLIST_KEY_UIBackgroundModes = location;
				INFOPLIST_KEY_UILaunchScreen_Generation = YES;
				IPHONEOS_DEPLOYMENT_TARGET = 17.0;
				MARKETING_VERSION = 0.1.0;
				PRODUCT_BUNDLE_IDENTIFIER = com.brianmcguiness.udc;
				PRODUCT_NAME = "$(TARGET_NAME)";
				SDKROOT = iphoneos;
				SUPPORTED_PLATFORMS = "iphoneos iphonesimulator";
				SUPPORTS_MACCATALYST = NO;
				SUPPORTS_XR_DESIGNED_FOR_IPHONE_IPAD = NO;
				SWIFT_EMIT_LOC_STRINGS = YES;
				SWIFT_OPTIMIZATION_LEVEL = "-Onone";
				TARGETED_DEVICE_FAMILY = 1;
			};
			name = Debug;
		};
		K00100000000000000000004 /* Release */ = {
			isa = XCBuildConfiguration;
			buildSettings = {
				ASSETCATALOG_COMPILER_APPICON_NAME = AppIcon;
				ASSETCATALOG_COMPILER_GLOBAL_ACCENT_COLOR_NAME = AccentColor;
				CODE_SIGN_STYLE = Automatic;
				CURRENT_PROJECT_VERSION = 2;
				DEVELOPMENT_TEAM = N9R86VHFFN;
				GENERATE_INFOPLIST_FILE = YES;
				INFOPLIST_FILE = UDC/Info.plist;
				INFOPLIST_KEY_CFBundleDisplayName = UDC;
				INFOPLIST_KEY_LSApplicationCategoryType = "public.app-category.navigation";
				INFOPLIST_KEY_NSLocationWhenInUseUsageDescription = "UDC uses your location while you use the app to show live driving speed and record drives. Location continues briefly in the background during an active drive.";
				INFOPLIST_KEY_UIApplicationSceneManifest_Generation = YES;
				INFOPLIST_KEY_UIApplicationSupportsIndirectInputEvents = YES;
				INFOPLIST_KEY_UIBackgroundModes = location;
				INFOPLIST_KEY_UILaunchScreen_Generation = YES;
				IPHONEOS_DEPLOYMENT_TARGET = 17.0;
				MARKETING_VERSION = 0.1.0;
				PRODUCT_BUNDLE_IDENTIFIER = com.brianmcguiness.udc;
				PRODUCT_NAME = "$(TARGET_NAME)";
				SDKROOT = iphoneos;
				SUPPORTED_PLATFORMS = "iphoneos iphonesimulator";
				SUPPORTS_MACCATALYST = NO;
				SUPPORTS_XR_DESIGNED_FOR_IPHONE_IPAD = NO;
				SWIFT_EMIT_LOC_STRINGS = YES;
				TARGETED_DEVICE_FAMILY = 1;
			};
			name = Release;
		};
		K00100000000000000000005 /* Debug */ = {
			isa = XCBuildConfiguration;
			buildSettings = {
				BUNDLE_LOADER = "$(TEST_HOST)";
				CODE_SIGN_STYLE = Automatic;
				GENERATE_INFOPLIST_FILE = YES;
				IPHONEOS_DEPLOYMENT_TARGET = 17.0;
				PRODUCT_BUNDLE_IDENTIFIER = com.brianmcguiness.udc.tests;
				PRODUCT_NAME = "$(TARGET_NAME)";
				SDKROOT = iphoneos;
				SUPPORTED_PLATFORMS = "iphoneos iphonesimulator";
				SWIFT_EMIT_LOC_STRINGS = NO;
				TARGETED_DEVICE_FAMILY = 1;
				TEST_HOST = "$(BUILT_PRODUCTS_DIR)/UDC.app/$(BUNDLE_EXECUTABLE_FOLDER_PATH)/UDC";
			};
			name = Debug;
		};
		K00100000000000000000006 /* Release */ = {
			isa = XCBuildConfiguration;
			buildSettings = {
				BUNDLE_LOADER = "$(TEST_HOST)";
				CODE_SIGN_STYLE = Automatic;
				GENERATE_INFOPLIST_FILE = YES;
				IPHONEOS_DEPLOYMENT_TARGET = 17.0;
				PRODUCT_BUNDLE_IDENTIFIER = com.brianmcguiness.udc.tests;
				PRODUCT_NAME = "$(TARGET_NAME)";
				SDKROOT = iphoneos;
				SUPPORTED_PLATFORMS = "iphoneos iphonesimulator";
				SWIFT_EMIT_LOC_STRINGS = NO;
				TARGETED_DEVICE_FAMILY = 1;
				TEST_HOST = "$(BUILT_PRODUCTS_DIR)/UDC.app/$(BUNDLE_EXECUTABLE_FOLDER_PATH)/UDC";
			};
			name = Release;
		};
/* End XCBuildConfiguration section */

/* Begin XCConfigurationList section */
		G00100000000000000000001 /* Build configuration list for PBXProject "UDC" */ = {
			isa = XCConfigurationList;
			buildConfigurations = (
				K00100000000000000000001 /* Debug */,
				K00100000000000000000002 /* Release */,
			);
			defaultConfigurationIsVisible = 0;
			defaultConfigurationName = Release;
		};
		G00100000000000000000002 /* Build configuration list for PBXNativeTarget "UDC" */ = {
			isa = XCConfigurationList;
			buildConfigurations = (
				K00100000000000000000003 /* Debug */,
				K00100000000000000000004 /* Release */,
			);
			defaultConfigurationIsVisible = 0;
			defaultConfigurationName = Release;
		};
		G00100000000000000000003 /* Build configuration list for PBXNativeTarget "UDCTests" */ = {
			isa = XCConfigurationList;
			buildConfigurations = (
				K00100000000000000000005 /* Debug */,
				K00100000000000000000006 /* Release */,
			);
			defaultConfigurationIsVisible = 0;
			defaultConfigurationName = Release;
		};
/* End XCConfigurationList section */
	};
	rootObject = D00100000000000000000001 /* Project object */;
}
